// !$*UTF8*$!
{
	archiveVersion = 1;
	classes = {
	};
	objectVersion = 46;
	objects = {

/* Begin PBXBuildFile section */
		B93E777158174BED96855AFF /* libPods.a in Frameworks */ = {isa = PBXBuildFile; fileRef = 7C9A4E04A7BE4714B5325154 /* libPods.a */; };
		D04F44391912C74200C61F4B /* Foundation.framework in Frameworks */ = {isa = PBXBuildFile; fileRef = D04F44381912C74200C61F4B /* Foundation.framework */; };
		D04F443B1912C74200C61F4B /* CoreGraphics.framework in Frameworks */ = {isa = PBXBuildFile; fileRef = D04F443A1912C74200C61F4B /* CoreGraphics.framework */; };
		D04F443D1912C74200C61F4B /* UIKit.framework in Frameworks */ = {isa = PBXBuildFile; fileRef = D04F443C1912C74200C61F4B /* UIKit.framework */; };
		D04F44431912C74200C61F4B /* InfoPlist.strings in Resources */ = {isa = PBXBuildFile; fileRef = D04F44411912C74200C61F4B /* InfoPlist.strings */; };
		D04F44451912C74200C61F4B /* main.m in Sources */ = {isa = PBXBuildFile; fileRef = D04F44441912C74200C61F4B /* main.m */; };
		D04F44491912C74200C61F4B /* EPSAppDelegate.m in Sources */ = {isa = PBXBuildFile; fileRef = D04F44481912C74200C61F4B /* EPSAppDelegate.m */; };
		D04F444C1912C74200C61F4B /* Main.storyboard in Resources */ = {isa = PBXBuildFile; fileRef = D04F444A1912C74200C61F4B /* Main.storyboard */; };
		D04F444F1912C74200C61F4B /* EPSExampleViewController.m in Sources */ = {isa = PBXBuildFile; fileRef = D04F444E1912C74200C61F4B /* EPSExampleViewController.m */; };
		D04F44511912C74200C61F4B /* Images.xcassets in Resources */ = {isa = PBXBuildFile; fileRef = D04F44501912C74200C61F4B /* Images.xcassets */; };
/* End PBXBuildFile section */

/* Begin PBXFileReference section */
		7C9A4E04A7BE4714B5325154 /* libPods.a */ = {isa = PBXFileReference; explicitFileType = archive.ar; includeInIndex = 0; path = libPods.a; sourceTree = BUILT_PRODUCTS_DIR; };
		C9260647B4224E08B448E2AF /* Pods.xcconfig */ = {isa = PBXFileReference; includeInIndex = 1; lastKnownFileType = text.xcconfig; name = Pods.xcconfig; path = Pods/Pods.xcconfig; sourceTree = "<group>"; };
		D04F44351912C74200C61F4B /* EPSErrorHandling.app */ = {isa = PBXFileReference; explicitFileType = wrapper.application; includeInIndex = 0; path = EPSErrorHandling.app; sourceTree = BUILT_PRODUCTS_DIR; };
		D04F44381912C74200C61F4B /* Foundation.framework */ = {isa = PBXFileReference; lastKnownFileType = wrapper.framework; name = Foundation.framework; path = System/Library/Frameworks/Foundation.framework; sourceTree = SDKROOT; };
		D04F443A1912C74200C61F4B /* CoreGraphics.framework */ = {isa = PBXFileReference; lastKnownFileType = wrapper.framework; name = CoreGraphics.framework; path = System/Library/Frameworks/CoreGraphics.framework; sourceTree = SDKROOT; };
		D04F443C1912C74200C61F4B /* UIKit.framework */ = {isa = PBXFileReference; lastKnownFileType = wrapper.framework; name = UIKit.framework; path = System/Library/Frameworks/UIKit.framework; sourceTree = SDKROOT; };
		D04F44401912C74200C61F4B /* EPSErrorHandling-Info.plist */ = {isa = PBXFileReference; lastKnownFileType = text.plist.xml; path = "EPSErrorHandling-Info.plist"; sourceTree = "<group>"; };
		D04F44421912C74200C61F4B /* en */ = {isa = PBXFileReference; lastKnownFileType = text.plist.strings; name = en; path = en.lproj/InfoPlist.strings; sourceTree = "<group>"; };
		D04F44441912C74200C61F4B /* main.m */ = {isa = PBXFileReference; lastKnownFileType = sourcecode.c.objc; path = main.m; sourceTree = "<group>"; };
		D04F44461912C74200C61F4B /* EPSErrorHandling-Prefix.pch */ = {isa = PBXFileReference; lastKnownFileType = sourcecode.c.h; path = "EPSErrorHandling-Prefix.pch"; sourceTree = "<group>"; };
		D04F44471912C74200C61F4B /* EPSAppDelegate.h */ = {isa = PBXFileReference; lastKnownFileType = sourcecode.c.h; path = EPSAppDelegate.h; sourceTree = "<group>"; };
		D04F44481912C74200C61F4B /* EPSAppDelegate.m */ = {isa = PBXFileReference; lastKnownFileType = sourcecode.c.objc; path = EPSAppDelegate.m; sourceTree = "<group>"; };
		D04F444B1912C74200C61F4B /* Base */ = {isa = PBXFileReference; lastKnownFileType = file.storyboard; name = Base; path = Base.lproj/Main.storyboard; sourceTree = "<group>"; };
		D04F444D1912C74200C61F4B /* EPSExampleViewController.h */ = {isa = PBXFileReference; lastKnownFileType = sourcecode.c.h; path = EPSExampleViewController.h; sourceTree = "<group>"; };
		D04F444E1912C74200C61F4B /* EPSExampleViewController.m */ = {isa = PBXFileReference; lastKnownFileType = sourcecode.c.objc; path = EPSExampleViewController.m; sourceTree = "<group>"; };
		D04F44501912C74200C61F4B /* Images.xcassets */ = {isa = PBXFileReference; lastKnownFileType = folder.assetcatalog; path = Images.xcassets; sourceTree = "<group>"; };
		D04F44571912C74200C61F4B /* XCTest.framework */ = {isa = PBXFileReference; lastKnownFileType = wrapper.framework; name = XCTest.framework; path = Library/Frameworks/XCTest.framework; sourceTree = DEVELOPER_DIR; };
/* End PBXFileReference section */

/* Begin PBXFrameworksBuildPhase section */
		D04F44321912C74200C61F4B /* Frameworks */ = {
			isa = PBXFrameworksBuildPhase;
			buildActionMask = 2147483647;
			files = (
				D04F443B1912C74200C61F4B /* CoreGraphics.framework in Frameworks */,
				D04F443D1912C74200C61F4B /* UIKit.framework in Frameworks */,
				D04F44391912C74200C61F4B /* Foundation.framework in Frameworks */,
				B93E777158174BED96855AFF /* libPods.a in Frameworks */,
			);
			runOnlyForDeploymentPostprocessing = 0;
		};
/* End PBXFrameworksBuildPhase section */

/* Begin PBXGroup section */
		D04F442C1912C74200C61F4B = {
			isa = PBXGroup;
			children = (
				D04F443E1912C74200C61F4B /* EPSErrorHandling */,
				D04F44371912C74200C61F4B /* Frameworks */,
				D04F44361912C74200C61F4B /* Products */,
				C9260647B4224E08B448E2AF /* Pods.xcconfig */,
			);
			sourceTree = "<group>";
		};
		D04F44361912C74200C61F4B /* Products */ = {
			isa = PBXGroup;
			children = (
				D04F44351912C74200C61F4B /* EPSErrorHandling.app */,
			);
			name = Products;
			sourceTree = "<group>";
		};
		D04F44371912C74200C61F4B /* Frameworks */ = {
			isa = PBXGroup;
			children = (
				D04F44381912C74200C61F4B /* Foundation.framework */,
				D04F443A1912C74200C61F4B /* CoreGraphics.framework */,
				D04F443C1912C74200C61F4B /* UIKit.framework */,
				D04F44571912C74200C61F4B /* XCTest.framework */,
				7C9A4E04A7BE4714B5325154 /* libPods.a */,
			);
			name = Frameworks;
			sourceTree = "<group>";
		};
		D04F443E1912C74200C61F4B /* EPSErrorHandling */ = {
			isa = PBXGroup;
			children = (
				D04F44471912C74200C61F4B /* EPSAppDelegate.h */,
				D04F44481912C74200C61F4B /* EPSAppDelegate.m */,
				D04F444A1912C74200C61F4B /* Main.storyboard */,
				D04F444D1912C74200C61F4B /* EPSExampleViewController.h */,
				D04F444E1912C74200C61F4B /* EPSExampleViewController.m */,
				D04F44501912C74200C61F4B /* Images.xcassets */,
				D04F443F1912C74200C61F4B /* Supporting Files */,
			);
			path = EPSErrorHandling;
			sourceTree = "<group>";
		};
		D04F443F1912C74200C61F4B /* Supporting Files */ = {
			isa = PBXGroup;
			children = (
				D04F44401912C74200C61F4B /* EPSErrorHandling-Info.plist */,
				D04F44411912C74200C61F4B /* InfoPlist.strings */,
				D04F44441912C74200C61F4B /* main.m */,
				D04F44461912C74200C61F4B /* EPSErrorHandling-Prefix.pch */,
			);
			name = "Supporting Files";
			sourceTree = "<group>";
		};
/* End PBXGroup section */

/* Begin PBXNativeTarget section */
		D04F44341912C74200C61F4B /* EPSErrorHandling */ = {
			isa = PBXNativeTarget;
			buildConfigurationList = D04F44671912C74200C61F4B /* Build configuration list for PBXNativeTarget "EPSErrorHandling" */;
			buildPhases = (
				B0E219723C49483CAA884EC1 /* Check Pods Manifest.lock */,
				D04F44311912C74200C61F4B /* Sources */,
				D04F44321912C74200C61F4B /* Frameworks */,
				D04F44331912C74200C61F4B /* Resources */,
				D29E18A9B6BD493EB949ED86 /* Copy Pods Resources */,
			);
			buildRules = (
			);
			dependencies = (
			);
			name = EPSErrorHandling;
			productName = EPSErrorHandling;
			productReference = D04F44351912C74200C61F4B /* EPSErrorHandling.app */;
			productType = "com.apple.product-type.application";
		};
/* End PBXNativeTarget section */

/* Begin PBXProject section */
		D04F442D1912C74200C61F4B /* Project object */ = {
			isa = PBXProject;
			attributes = {
				CLASSPREFIX = EPS;
				LastUpgradeCheck = 0510;
				ORGANIZATIONNAME = "Electric Peel, LLC";
			};
			buildConfigurationList = D04F44301912C74200C61F4B /* Build configuration list for PBXProject "EPSErrorHandling" */;
			compatibilityVersion = "Xcode 3.2";
			developmentRegion = English;
			hasScannedForEncodings = 0;
			knownRegions = (
				en,
				Base,
			);
			mainGroup = D04F442C1912C74200C61F4B;
			productRefGroup = D04F44361912C74200C61F4B /* Products */;
			projectDirPath = "";
			projectRoot = "";
			targets = (
				D04F44341912C74200C61F4B /* EPSErrorHandling */,
			);
		};
/* End PBXProject section */

/* Begin PBXResourcesBuildPhase section */
		D04F44331912C74200C61F4B /* Resources */ = {
			isa = PBXResourcesBuildPhase;
			buildActionMask = 2147483647;
			files = (
				D04F44511912C74200C61F4B /* Images.xcassets in Resources */,
				D04F44431912C74200C61F4B /* InfoPlist.strings in Resources */,
				D04F444C1912C74200C61F4B /* Main.storyboard in Resources */,
			);
			runOnlyForDeploymentPostprocessing = 0;
		};
/* End PBXResourcesBuildPhase section */

/* Begin PBXShellScriptBuildPhase section */
		B0E219723C49483CAA884EC1 /* Check Pods Manifest.lock */ = {
			isa = PBXShellScriptBuildPhase;
			buildActionMask = 2147483647;
			files = (
			);
			inputPaths = (
			);
			name = "Check Pods Manifest.lock";
			outputPaths = (
			);
			runOnlyForDeploymentPostprocessing = 0;
			shellPath = /bin/sh;
			shellScript = "diff \"${PODS_ROOT}/../Podfile.lock\" \"${PODS_ROOT}/Manifest.lock\" > /dev/null\nif [[ $? != 0 ]] ; then\n    cat << EOM\nerror: The sandbox is not in sync with the Podfile.lock. Run 'pod install' or update your CocoaPods installation.\nEOM\n    exit 1\nfi\n";
			showEnvVarsInLog = 0;
		};
		D29E18A9B6BD493EB949ED86 /* Copy Pods Resources */ = {
			isa = PBXShellScriptBuildPhase;
			buildActionMask = 2147483647;
			files = (
			);
			inputPaths = (
			);
			name = "Copy Pods Resources";
			outputPaths = (
			);
			runOnlyForDeploymentPostprocessing = 0;
			shellPath = /bin/sh;
			shellScript = "\"${SRCROOT}/Pods/Pods-resources.sh\"\n";
			showEnvVarsInLog = 0;
		};
/* End PBXShellScriptBuildPhase section */

/* Begin PBXSourcesBuildPhase section */
		D04F44311912C74200C61F4B /* Sources */ = {
			isa = PBXSourcesBuildPhase;
			buildActionMask = 2147483647;
			files = (
				D04F444F1912C74200C61F4B /* EPSExampleViewController.m in Sources */,
				D04F44451912C74200C61F4B /* main.m in Sources */,
				D04F44491912C74200C61F4B /* EPSAppDelegate.m in Sources */,
			);
			runOnlyForDeploymentPostprocessing = 0;
		};
/* End PBXSourcesBuildPhase section */

/* Begin PBXVariantGroup section */
		D04F44411912C74200C61F4B /* InfoPlist.strings */ = {
			isa = PBXVariantGroup;
			children = (
				D04F44421912C74200C61F4B /* en */,
			);
			name = InfoPlist.strings;
			sourceTree = "<group>";
		};
		D04F444A1912C74200C61F4B /* Main.storyboard */ = {
			isa = PBXVariantGroup;
			children = (
				D04F444B1912C74200C61F4B /* Base */,
			);
			name = Main.storyboard;
			sourceTree = "<group>";
		};
/* End PBXVariantGroup section */

/* Begin XCBuildConfiguration section */
		D04F44651912C74200C61F4B /* Debug */ = {
			isa = XCBuildConfiguration;
			buildSettings = {
				ALWAYS_SEARCH_USER_PATHS = NO;
				CLANG_CXX_LANGUAGE_STANDARD = "gnu++0x";
				CLANG_CXX_LIBRARY = "libc++";
				CLANG_ENABLE_MODULES = YES;
				CLANG_ENABLE_OBJC_ARC = YES;
				CLANG_WARN_BOOL_CONVERSION = YES;
				CLANG_WARN_CONSTANT_CONVERSION = YES;
				CLANG_WARN_DIRECT_OBJC_ISA_USAGE = YES_ERROR;
				CLANG_WARN_EMPTY_BODY = YES;
				CLANG_WARN_ENUM_CONVERSION = YES;
				CLANG_WARN_INT_CONVERSION = YES;
				CLANG_WARN_OBJC_ROOT_CLASS = YES_ERROR;
				CLANG_WARN__DUPLICATE_METHOD_MATCH = YES;
				"CODE_SIGN_IDENTITY[sdk=iphoneos*]" = "iPhone Developer";
				COPY_PHASE_STRIP = NO;
				GCC_C_LANGUAGE_STANDARD = gnu99;
				GCC_DYNAMIC_NO_PIC = NO;
				GCC_OPTIMIZATION_LEVEL = 0;
				GCC_PREPROCESSOR_DEFINITIONS = (
					"DEBUG=1",
					"$(inherited)",
				);
				GCC_SYMBOLS_PRIVATE_EXTERN = NO;
				GCC_WARN_64_TO_32_BIT_CONVERSION = YES;
				GCC_WARN_ABOUT_RETURN_TYPE = YES_ERROR;
				GCC_WARN_UNDECLARED_SELECTOR = YES;
				GCC_WARN_UNINITIALIZED_AUTOS = YES_AGGRESSIVE;
				GCC_WARN_UNUSED_FUNCTION = YES;
				GCC_WARN_UNUSED_VARIABLE = YES;
				IPHONEOS_DEPLOYMENT_TARGET = 8.0;
				ONLY_ACTIVE_ARCH = YES;
				SDKROOT = iphoneos;
			};
			name = Debug;
		};
		D04F44661912C74200C61F4B /* Release */ = {
			isa = XCBuildConfiguration;
			buildSettings = {
				ALWAYS_SEARCH_USER_PATHS = NO;
				CLANG_CXX_LANGUAGE_STANDARD = "gnu++0x";
				CLANG_CXX_LIBRARY = "libc++";
				CLANG_ENABLE_MODULES = YES;
				CLANG_ENABLE_OBJC_ARC = YES;
				CLANG_WARN_BOOL_CONVERSION = YES;
				CLANG_WARN_CONSTANT_CONVERSION = YES;
				CLANG_WARN_DIRECT_OBJC_ISA_USAGE = YES_ERROR;
				CLANG_WARN_EMPTY_BODY = YES;
				CLANG_WARN_ENUM_CONVERSION = YES;
				CLANG_WARN_INT_CONVERSION = YES;
				CLANG_WARN_OBJC_ROOT_CLASS = YES_ERROR;
				CLANG_WARN__DUPLICATE_METHOD_MATCH = YES;
				"CODE_SIGN_IDENTITY[sdk=iphoneos*]" = "iPhone Developer";
				COPY_PHASE_STRIP = YES;
				ENABLE_NS_ASSERTIONS = NO;
				GCC_C_LANGUAGE_STANDARD = gnu99;
				GCC_WARN_64_TO_32_BIT_CONVERSION = YES;
				GCC_WARN_ABOUT_RETURN_TYPE = YES_ERROR;
				GCC_WARN_UNDECLARED_SELECTOR = YES;
				GCC_WARN_UNINITIALIZED_AUTOS = YES_AGGRESSIVE;
				GCC_WARN_UNUSED_FUNCTION = YES;
				GCC_WARN_UNUSED_VARIABLE = YES;
				IPHONEOS_DEPLOYMENT_TARGET = 8.0;
				SDKROOT = iphoneos;
				VALIDATE_PRODUCT = YES;
			};
			name = Release;
		};
		D04F44681912C74200C61F4B /* Debug */ = {
			isa = XCBuildConfiguration;
			baseConfigurationReference = C9260647B4224E08B448E2AF /* Pods.xcconfig */;
			buildSettings = {
				ASSETCATALOG_COMPILER_APPICON_NAME = AppIcon;
				ASSETCATALOG_COMPILER_LAUNCHIMAGE_NAME = LaunchImage;
				GCC_PRECOMPILE_PREFIX_HEADER = YES;
				GCC_PREFIX_HEADER = "EPSErrorHandling/EPSErrorHandling-Prefix.pch";
				INFOPLIST_FILE = "EPSErrorHandling/EPSErrorHandling-Info.plist";
				PRODUCT_NAME = "$(TARGET_NAME)";
				WRAPPER_EXTENSION = app;
			};
			name = Debug;
		};
		D04F44691912C74200C61F4B /* Release */ = {
			isa = XCBuildConfiguration;
			baseConfigurationReference = C9260647B4224E08B448E2AF /* Pods.xcconfig */;
			buildSettings = {
				ASSETCATALOG_COMPILER_APPICON_NAME = AppIcon;
				ASSETCATALOG_COMPILER_LAUNCHIMAGE_NAME = LaunchImage;
				GCC_PRECOMPILE_PREFIX_HEADER = YES;
				GCC_PREFIX_HEADER = "EPSErrorHandling/EPSErrorHandling-Prefix.pch";
				INFOPLIST_FILE = "EPSErrorHandling/EPSErrorHandling-Info.plist";
				PRODUCT_NAME = "$(TARGET_NAME)";
				WRAPPER_EXTENSION = app;
			};
			name = Release;
		};
/* End XCBuildConfiguration section */

/* Begin XCConfigurationList section */
		D04F44301912C74200C61F4B /* Build configuration list for PBXProject "EPSErrorHandling" */ = {
			isa = XCConfigurationList;
			buildConfigurations = (
				D04F44651912C74200C61F4B /* Debug */,
				D04F44661912C74200C61F4B /* Release */,
			);
			defaultConfigurationIsVisible = 0;
			defaultConfigurationName = Release;
		};
		D04F44671912C74200C61F4B /* Build configuration list for PBXNativeTarget "EPSErrorHandling" */ = {
			isa = XCConfigurationList;
			buildConfigurations = (
				D04F44681912C74200C61F4B /* Debug */,
				D04F44691912C74200C61F4B /* Release */,
			);
			defaultConfigurationIsVisible = 0;
			defaultConfigurationName = Release;
		};
/* End XCConfigurationList section */
	};
	rootObject = D04F442D1912C74200C61F4B /* Project object */;
}
